
Microsoft Visual Studio Solution File, Format Version 12.00
# Visual Studio Version 17
VisualStudioVersion = 17.6.33829.357
MinimumVisualStudioVersion = 10.0.40219.1
Project("{FAE04EC0-301F-11D3-BF4B-00C04F79EFBC}") = "StringLibrary", "StringLibrary\StringLibrary.csproj", "{7D2FBEFD-89F8-47F2-A0F7-22C3BB6D5BBD}"
EndProject
Project("{FAE04EC0-301F-11D3-BF4B-00C04F79EFBC}") = "ShowCase", "ShowCase\ShowCase.csproj", "{B0EAD73B-53DA-49D2-BA90-CE4976CB68BC}"
EndProject
Global
	GlobalSection(SolutionConfigurationPlatforms) = preSolution
		Debug|Any CPU = Debug|Any CPU
		Release|Any CPU = Release|Any CPU
	EndGlobalSection
	GlobalSection(ProjectConfigurationPlatforms) = postSolution
		{7D2FBEFD-89F8-47F2-A0F7-22C3BB6D5BBD}.Debug|Any CPU.ActiveCfg = Debug|Any CPU
		{7D2FBEFD-89F8-47F2-A0F7-22C3BB6D5BBD}.Debug|Any CPU.Build.0 = Debug|Any CPU
		{7D2FBEFD-89F8-47F2-A0F7-22C3BB6D5BBD}.Release|Any CPU.ActiveCfg = Release|Any CPU
		{7D2FBEFD-89F8-47F2-A0F7-22C3BB6D5BBD}.Release|Any CPU.Build.0 = Release|Any CPU
		{B0EAD73B-53DA-49D2-BA90-CE4976CB68BC}.Debug|Any CPU.ActiveCfg = Debug|Any CPU
		{B0EAD73B-53DA-49D2-BA90-CE4976CB68BC}.Debug|Any CPU.Build.0 = Debug|Any CPU
		{B0EAD73B-53DA-49D2-BA90-CE4976CB68BC}.Release|Any CPU.ActiveCfg = Release|Any CPU
		{B0EAD73B-53DA-49D2-BA90-CE4976CB68BC}.Release|Any CPU.Build.0 = Release|Any CPU
	EndGlobalSection
	GlobalSection(SolutionProperties) = preSolution
		HideSolutionNode = FALSE
	EndGlobalSection
	GlobalSection(ExtensibilityGlobals) = postSolution
		SolutionGuid = {12788F11-B93D-4F91-87E8-3B4DA25996F8}
	EndGlobalSection
EndGlobal
